
Microsoft Visual Studio Solution File, Format Version 10.00
# Visual Studio 2008
Project("{8BC9CEB8-8B4A-11D0-8D11-00A0C91BC942}") = "TableData", "TableData\TableData.vcproj", "{F512E6D2-D11C-452D-9605-476738AF02A1}"
EndProject
Project("{8BC9CEB8-8B4A-11D0-8D11-00A0C91BC942}") = "Toolkit", "..\Toolkit\Toolkit.vcproj", "{861E7381-4398-41A6-83F5-90C6A08F746D}"
EndProject
Global
	GlobalSection(SolutionConfigurationPlatforms) = preSolution
		Debug|Win32 = Debug|Win32
		Release|Win32 = Release|Win32
	EndGlobalSection
	GlobalSection(ProjectConfigurationPlatforms) = postSolution
		{F512E6D2-D11C-452D-9605-476738AF02A1}.Debug|Win32.ActiveCfg = Debug|Win32
		{F512E6D2-D11C-452D-9605-476738AF02A1}.Debug|Win32.Build.0 = Debug|Win32
		{F512E6D2-D11C-452D-9605-476738AF02A1}.Release|Win32.ActiveCfg = Release|Win32
		{F512E6D2-D11C-452D-9605-476738AF02A1}.Release|Win32.Build.0 = Release|Win32
		{861E7381-4398-41A6-83F5-90C6A08F746D}.Debug|Win32.ActiveCfg = Debug|Win32
		{861E7381-4398-41A6-83F5-90C6A08F746D}.Debug|Win32.Build.0 = Debug|Win32
		{861E7381-4398-41A6-83F5-90C6A08F746D}.Release|Win32.ActiveCfg = Release|Win32
		{861E7381-4398-41A6-83F5-90C6A08F746D}.Release|Win32.Build.0 = Release|Win32
	EndGlobalSection
	GlobalSection(SolutionProperties) = preSolution
		HideSolutionNode = FALSE
	EndGlobalSection
EndGlobal
