
Microsoft Visual Studio Solution File, Format Version 11.00
# Visual C++ Express 2010
Project("{8BC9CEB8-8B4A-11D0-8D11-00A0C91BC942}") = "TableData", "TableData\TableData.vcxproj", "{620F3F41-E1F4-4275-86C6-CAA857F2E832}"
EndProject
Project("{8BC9CEB8-8B4A-11D0-8D11-00A0C91BC942}") = "Toolkit", "..\Toolkit\Toolkit.vcxproj", "{861E7381-4398-41A6-83F5-90C6A08F746D}"
EndProject
Global
	GlobalSection(SolutionConfigurationPlatforms) = preSolution
		Debug|Win32 = Debug|Win32
		Release|Win32 = Release|Win32
	EndGlobalSection
	GlobalSection(ProjectConfigurationPlatforms) = postSolution
		{620F3F41-E1F4-4275-86C6-CAA857F2E832}.Debug|Win32.ActiveCfg = Debug|Win32
		{620F3F41-E1F4-4275-86C6-CAA857F2E832}.Debug|Win32.Build.0 = Debug|Win32
		{620F3F41-E1F4-4275-86C6-CAA857F2E832}.Release|Win32.ActiveCfg = Release|Win32
		{620F3F41-E1F4-4275-86C6-CAA857F2E832}.Release|Win32.Build.0 = Release|Win32
		{861E7381-4398-41A6-83F5-90C6A08F746D}.Debug|Win32.ActiveCfg = Debug|Win32
		{861E7381-4398-41A6-83F5-90C6A08F746D}.Debug|Win32.Build.0 = Debug|Win32
		{861E7381-4398-41A6-83F5-90C6A08F746D}.Release|Win32.ActiveCfg = Release|Win32
		{861E7381-4398-41A6-83F5-90C6A08F746D}.Release|Win32.Build.0 = Release|Win32
	EndGlobalSection
	GlobalSection(SolutionProperties) = preSolution
		HideSolutionNode = FALSE
	EndGlobalSection
EndGlobal
