
Microsoft Visual Studio Solution File, Format Version 10.00
# Visual Studio 2008
Project("{8BC9CEB8-8B4A-11D0-8D11-00A0C91BC942}") = "HttpProtocol", "HttpProtocol\HttpProtocol.vcproj", "{70D91633-D9AA-4E3D-AEAC-B3C16B4FB857}"
EndProject
Global
	GlobalSection(SolutionConfigurationPlatforms) = preSolution
		Debug|Win32 = Debug|Win32
		Release|Win32 = Release|Win32
	EndGlobalSection
	GlobalSection(ProjectConfigurationPlatforms) = postSolution
		{70D91633-D9AA-4E3D-AEAC-B3C16B4FB857}.Debug|Win32.ActiveCfg = Debug|Win32
		{70D91633-D9AA-4E3D-AEAC-B3C16B4FB857}.Debug|Win32.Build.0 = Debug|Win32
		{70D91633-D9AA-4E3D-AEAC-B3C16B4FB857}.Release|Win32.ActiveCfg = Release|Win32
		{70D91633-D9AA-4E3D-AEAC-B3C16B4FB857}.Release|Win32.Build.0 = Release|Win32
	EndGlobalSection
	GlobalSection(SolutionProperties) = preSolution
		HideSolutionNode = FALSE
	EndGlobalSection
EndGlobal
