
Microsoft Visual Studio Solution File, Format Version 10.00
# Visual Studio 2008
Project("{8BC9CEB8-8B4A-11D0-8D11-00A0C91BC942}") = "ExampleMultiplexing", "ExampleMultiplexing\ExampleMultiplexing.vcproj", "{36B350B4-CCD9-4DEE-8CA3-D3365A8F4F54}"
EndProject
Project("{8BC9CEB8-8B4A-11D0-8D11-00A0C91BC942}") = "Toolkit", "..\Toolkit\Toolkit.vcproj", "{861E7381-4398-41A6-83F5-90C6A08F746D}"
EndProject
Global
	GlobalSection(SolutionConfigurationPlatforms) = preSolution
		Debug|Win32 = Debug|Win32
		Release|Win32 = Release|Win32
	EndGlobalSection
	GlobalSection(ProjectConfigurationPlatforms) = postSolution
		{36B350B4-CCD9-4DEE-8CA3-D3365A8F4F54}.Debug|Win32.ActiveCfg = Debug|Win32
		{36B350B4-CCD9-4DEE-8CA3-D3365A8F4F54}.Debug|Win32.Build.0 = Debug|Win32
		{36B350B4-CCD9-4DEE-8CA3-D3365A8F4F54}.Release|Win32.ActiveCfg = Release|Win32
		{36B350B4-CCD9-4DEE-8CA3-D3365A8F4F54}.Release|Win32.Build.0 = Release|Win32
		{861E7381-4398-41A6-83F5-90C6A08F746D}.Debug|Win32.ActiveCfg = Debug|Win32
		{861E7381-4398-41A6-83F5-90C6A08F746D}.Debug|Win32.Build.0 = Debug|Win32
		{861E7381-4398-41A6-83F5-90C6A08F746D}.Release|Win32.ActiveCfg = Release|Win32
		{861E7381-4398-41A6-83F5-90C6A08F746D}.Release|Win32.Build.0 = Release|Win32
	EndGlobalSection
	GlobalSection(SolutionProperties) = preSolution
		HideSolutionNode = FALSE
	EndGlobalSection
EndGlobal
