
Microsoft Visual Studio Solution File, Format Version 10.00
# Visual Studio 2008
Project("{8BC9CEB8-8B4A-11D0-8D11-00A0C91BC942}") = "MFCGUIThread", "MFCGUIThread\MFCGUIThread.vcproj", "{97D9AA62-31AF-4B21-9821-139FE2069DDC}"
EndProject
Global
	GlobalSection(SolutionConfigurationPlatforms) = preSolution
		Debug|Win32 = Debug|Win32
		Release|Win32 = Release|Win32
	EndGlobalSection
	GlobalSection(ProjectConfigurationPlatforms) = postSolution
		{97D9AA62-31AF-4B21-9821-139FE2069DDC}.Debug|Win32.ActiveCfg = Debug|Win32
		{97D9AA62-31AF-4B21-9821-139FE2069DDC}.Debug|Win32.Build.0 = Debug|Win32
		{97D9AA62-31AF-4B21-9821-139FE2069DDC}.Release|Win32.ActiveCfg = Release|Win32
		{97D9AA62-31AF-4B21-9821-139FE2069DDC}.Release|Win32.Build.0 = Release|Win32
	EndGlobalSection
	GlobalSection(SolutionProperties) = preSolution
		HideSolutionNode = FALSE
	EndGlobalSection
EndGlobal
