
Microsoft Visual Studio Solution File, Format Version 10.00
# Visual Studio 2008
Project("{8BC9CEB8-8B4A-11D0-8D11-00A0C91BC942}") = "ExampleSpinCtrl", "ExampleSpinCtrl\ExampleSpinCtrl.vcproj", "{D479F3C3-4E43-403C-90EE-94F7C6F61A10}"
	ProjectSection(ProjectDependencies) = postProject
		{861E7381-4398-41A6-83F5-90C6A08F746D} = {861E7381-4398-41A6-83F5-90C6A08F746D}
	EndProjectSection
EndProject
Project("{8BC9CEB8-8B4A-11D0-8D11-00A0C91BC942}") = "Toolkit", "..\Toolkit\Toolkit.vcproj", "{861E7381-4398-41A6-83F5-90C6A08F746D}"
EndProject
Global
	GlobalSection(SolutionConfigurationPlatforms) = preSolution
		Debug|Win32 = Debug|Win32
		Release|Win32 = Release|Win32
	EndGlobalSection
	GlobalSection(ProjectConfigurationPlatforms) = postSolution
		{D479F3C3-4E43-403C-90EE-94F7C6F61A10}.Debug|Win32.ActiveCfg = Debug|Win32
		{D479F3C3-4E43-403C-90EE-94F7C6F61A10}.Debug|Win32.Build.0 = Debug|Win32
		{D479F3C3-4E43-403C-90EE-94F7C6F61A10}.Release|Win32.ActiveCfg = Release|Win32
		{D479F3C3-4E43-403C-90EE-94F7C6F61A10}.Release|Win32.Build.0 = Release|Win32
		{861E7381-4398-41A6-83F5-90C6A08F746D}.Debug|Win32.ActiveCfg = Debug|Win32
		{861E7381-4398-41A6-83F5-90C6A08F746D}.Debug|Win32.Build.0 = Debug|Win32
		{861E7381-4398-41A6-83F5-90C6A08F746D}.Release|Win32.ActiveCfg = Release|Win32
		{861E7381-4398-41A6-83F5-90C6A08F746D}.Release|Win32.Build.0 = Release|Win32
	EndGlobalSection
	GlobalSection(SolutionProperties) = preSolution
		HideSolutionNode = FALSE
	EndGlobalSection
EndGlobal
