
Microsoft Visual Studio Solution File, Format Version 11.00
# Visual C++ Express 2010
Project("{8BC9CEB8-8B4A-11D0-8D11-00A0C91BC942}") = "CheckMail", "CheckMail\CheckMail.vcxproj", "{5D3A0788-BEF4-42A1-9899-890DDB20E87A}"
EndProject
Project("{8BC9CEB8-8B4A-11D0-8D11-00A0C91BC942}") = "Toolkit", "..\..\Toolkit\Toolkit.vcxproj", "{861E7381-4398-41A6-83F5-90C6A08F746D}"
EndProject
Global
	GlobalSection(SolutionConfigurationPlatforms) = preSolution
		Debug|Win32 = Debug|Win32
		Release|Win32 = Release|Win32
	EndGlobalSection
	GlobalSection(ProjectConfigurationPlatforms) = postSolution
		{5D3A0788-BEF4-42A1-9899-890DDB20E87A}.Debug|Win32.ActiveCfg = Debug|Win32
		{5D3A0788-BEF4-42A1-9899-890DDB20E87A}.Debug|Win32.Build.0 = Debug|Win32
		{5D3A0788-BEF4-42A1-9899-890DDB20E87A}.Release|Win32.ActiveCfg = Release|Win32
		{5D3A0788-BEF4-42A1-9899-890DDB20E87A}.Release|Win32.Build.0 = Release|Win32
		{861E7381-4398-41A6-83F5-90C6A08F746D}.Debug|Win32.ActiveCfg = Debug|Win32
		{861E7381-4398-41A6-83F5-90C6A08F746D}.Debug|Win32.Build.0 = Debug|Win32
		{861E7381-4398-41A6-83F5-90C6A08F746D}.Release|Win32.ActiveCfg = Release|Win32
		{861E7381-4398-41A6-83F5-90C6A08F746D}.Release|Win32.Build.0 = Release|Win32
	EndGlobalSection
	GlobalSection(SolutionProperties) = preSolution
		HideSolutionNode = FALSE
	EndGlobalSection
EndGlobal
