
Microsoft Visual Studio Solution File, Format Version 10.00
# Visual Studio 2008
Project("{8BC9CEB8-8B4A-11D0-8D11-00A0C91BC942}") = "TabApplication", "TabApplication\TabApplication.vcproj", "{BD44D46A-7AC1-4C62-A809-DE06F2F52A45}"
EndProject
Global
	GlobalSection(SolutionConfigurationPlatforms) = preSolution
		Debug|Win32 = Debug|Win32
		Release|Win32 = Release|Win32
	EndGlobalSection
	GlobalSection(ProjectConfigurationPlatforms) = postSolution
		{BD44D46A-7AC1-4C62-A809-DE06F2F52A45}.Debug|Win32.ActiveCfg = Debug|Win32
		{BD44D46A-7AC1-4C62-A809-DE06F2F52A45}.Debug|Win32.Build.0 = Debug|Win32
		{BD44D46A-7AC1-4C62-A809-DE06F2F52A45}.Release|Win32.ActiveCfg = Release|Win32
		{BD44D46A-7AC1-4C62-A809-DE06F2F52A45}.Release|Win32.Build.0 = Release|Win32
	EndGlobalSection
	GlobalSection(SolutionProperties) = preSolution
		HideSolutionNode = FALSE
	EndGlobalSection
EndGlobal
